
Microsoft Visual Studio Solution File, Format Version 12.00
# Visual Studio 15
VisualStudioVersion = 15.0.28307.645
MinimumVisualStudioVersion = 10.0.40219.1
Project("{FAE04EC0-301F-11D3-BF4B-00C04F79EFBC}") = "Calc(ComandPatteren)", "Calc(ComandPatteren)\Calc(ComandPatteren).csproj", "{AF086C53-B809-49B8-A49F-C3B219EAC14C}"
EndProject
Global
	GlobalSection(SolutionConfigurationPlatforms) = preSolution
		Debug|Any CPU = Debug|Any CPU
		Release|Any CPU = Release|Any CPU
	EndGlobalSection
	GlobalSection(ProjectConfigurationPlatforms) = postSolution
		{AF086C53-B809-49B8-A49F-C3B219EAC14C}.Debug|Any CPU.ActiveCfg = Debug|Any CPU
		{AF086C53-B809-49B8-A49F-C3B219EAC14C}.Debug|Any CPU.Build.0 = Debug|Any CPU
		{AF086C53-B809-49B8-A49F-C3B219EAC14C}.Release|Any CPU.ActiveCfg = Release|Any CPU
		{AF086C53-B809-49B8-A49F-C3B219EAC14C}.Release|Any CPU.Build.0 = Release|Any CPU
	EndGlobalSection
	GlobalSection(SolutionProperties) = preSolution
		HideSolutionNode = FALSE
	EndGlobalSection
	GlobalSection(ExtensibilityGlobals) = postSolution
		SolutionGuid = {1B514A0C-2CDC-4687-87C4-2BB8A60DE4AA}
	EndGlobalSection
EndGlobal
